
Microsoft Visual Studio Solution File, Format Version 12.00
# Visual Studio 14
VisualStudioVersion = 14.0.25420.1
MinimumVisualStudioVersion = 10.0.40219.1
Project("{FAE04EC0-301F-11D3-BF4B-00C04F79EFBC}") = "Greengrocer", "Greengrocer\Greengrocer.csproj", "{033D6ECF-AFD0-46C2-9EBE-8BE00E1EBDCF}"
EndProject
Global
	GlobalSection(SolutionConfigurationPlatforms) = preSolution
		Debug|Any CPU = Debug|Any CPU
		Release|Any CPU = Release|Any CPU
	EndGlobalSection
	GlobalSection(ProjectConfigurationPlatforms) = postSolution
		{033D6ECF-AFD0-46C2-9EBE-8BE00E1EBDCF}.Debug|Any CPU.ActiveCfg = Debug|Any CPU
		{033D6ECF-AFD0-46C2-9EBE-8BE00E1EBDCF}.Debug|Any CPU.Build.0 = Debug|Any CPU
		{033D6ECF-AFD0-46C2-9EBE-8BE00E1EBDCF}.Release|Any CPU.ActiveCfg = Release|Any CPU
		{033D6ECF-AFD0-46C2-9EBE-8BE00E1EBDCF}.Release|Any CPU.Build.0 = Release|Any CPU
	EndGlobalSection
	GlobalSection(SolutionProperties) = preSolution
		HideSolutionNode = FALSE
	EndGlobalSection
EndGlobal
