
Microsoft Visual Studio Solution File, Format Version 12.00
# Visual Studio 14
VisualStudioVersion = 14.0.25420.1
MinimumVisualStudioVersion = 10.0.40219.1
Project("{FAE04EC0-301F-11D3-BF4B-00C04F79EFBC}") = "Soru4", "Soru4\Soru4.csproj", "{10DC4096-96BA-4A5B-9515-B2A7A44E924B}"
EndProject
Global
	GlobalSection(SolutionConfigurationPlatforms) = preSolution
		Debug|Any CPU = Debug|Any CPU
		Release|Any CPU = Release|Any CPU
	EndGlobalSection
	GlobalSection(ProjectConfigurationPlatforms) = postSolution
		{10DC4096-96BA-4A5B-9515-B2A7A44E924B}.Debug|Any CPU.ActiveCfg = Debug|Any CPU
		{10DC4096-96BA-4A5B-9515-B2A7A44E924B}.Debug|Any CPU.Build.0 = Debug|Any CPU
		{10DC4096-96BA-4A5B-9515-B2A7A44E924B}.Release|Any CPU.ActiveCfg = Release|Any CPU
		{10DC4096-96BA-4A5B-9515-B2A7A44E924B}.Release|Any CPU.Build.0 = Release|Any CPU
	EndGlobalSection
	GlobalSection(SolutionProperties) = preSolution
		HideSolutionNode = FALSE
	EndGlobalSection
EndGlobal
